
Microsoft Visual Studio Solution File, Format Version 12.00
# Visual Studio 15
VisualStudioVersion = 15.0.28307.421
MinimumVisualStudioVersion = 10.0.40219.1
Project("{8BC9CEB8-8B4A-11D0-8D11-00A0C91BC942}") = "UsingVT", "UsingVT\UsingVT.vcxproj", "{7E2249DD-DA79-45FF-8E7A-505C556F1077}"
EndProject
Global
	GlobalSection(SolutionConfigurationPlatforms) = preSolution
		Debug|x64 = Debug|x64
		Debug|x86 = Debug|x86
		Release|x64 = Release|x64
		Release|x86 = Release|x86
	EndGlobalSection
	GlobalSection(ProjectConfigurationPlatforms) = postSolution
		{7E2249DD-DA79-45FF-8E7A-505C556F1077}.Debug|x64.ActiveCfg = Debug|x64
		{7E2249DD-DA79-45FF-8E7A-505C556F1077}.Debug|x64.Build.0 = Debug|x64
		{7E2249DD-DA79-45FF-8E7A-505C556F1077}.Debug|x86.ActiveCfg = Debug|Win32
		{7E2249DD-DA79-45FF-8E7A-505C556F1077}.Debug|x86.Build.0 = Debug|Win32
		{7E2249DD-DA79-45FF-8E7A-505C556F1077}.Release|x64.ActiveCfg = Release|x64
		{7E2249DD-DA79-45FF-8E7A-505C556F1077}.Release|x64.Build.0 = Release|x64
		{7E2249DD-DA79-45FF-8E7A-505C556F1077}.Release|x86.ActiveCfg = Release|Win32
		{7E2249DD-DA79-45FF-8E7A-505C556F1077}.Release|x86.Build.0 = Release|Win32
	EndGlobalSection
	GlobalSection(SolutionProperties) = preSolution
		HideSolutionNode = FALSE
	EndGlobalSection
	GlobalSection(ExtensibilityGlobals) = postSolution
		SolutionGuid = {EDE579FD-CAB6-42A7-8303-A438B9B600D2}
	EndGlobalSection
EndGlobal
