
Microsoft Visual Studio Solution File, Format Version 12.00
# Visual Studio Version 16
VisualStudioVersion = 16.0.32228.343
MinimumVisualStudioVersion = 10.0.40219.1
Project("{8BC9CEB8-8B4A-11D0-8D11-00A0C91BC942}") = "combined_exp_types", "combined_exp_types.vcxproj", "{E8CD7C8D-F879-4429-8C9E-3894A501DF18}"
EndProject
Global
	GlobalSection(SolutionConfigurationPlatforms) = preSolution
		Debug|x64 = Debug|x64
		Debug|x86 = Debug|x86
		Release|x64 = Release|x64
		Release|x86 = Release|x86
	EndGlobalSection
	GlobalSection(ProjectConfigurationPlatforms) = postSolution
		{E8CD7C8D-F879-4429-8C9E-3894A501DF18}.Debug|x64.ActiveCfg = Debug|x64
		{E8CD7C8D-F879-4429-8C9E-3894A501DF18}.Debug|x64.Build.0 = Debug|x64
		{E8CD7C8D-F879-4429-8C9E-3894A501DF18}.Debug|x86.ActiveCfg = Debug|Win32
		{E8CD7C8D-F879-4429-8C9E-3894A501DF18}.Debug|x86.Build.0 = Debug|Win32
		{E8CD7C8D-F879-4429-8C9E-3894A501DF18}.Release|x64.ActiveCfg = Release|x64
		{E8CD7C8D-F879-4429-8C9E-3894A501DF18}.Release|x64.Build.0 = Release|x64
		{E8CD7C8D-F879-4429-8C9E-3894A501DF18}.Release|x86.ActiveCfg = Release|Win32
		{E8CD7C8D-F879-4429-8C9E-3894A501DF18}.Release|x86.Build.0 = Release|Win32
	EndGlobalSection
	GlobalSection(SolutionProperties) = preSolution
		HideSolutionNode = FALSE
	EndGlobalSection
	GlobalSection(ExtensibilityGlobals) = postSolution
		SolutionGuid = {774EB21B-9F4D-428B-91A2-0BA93B9096DF}
	EndGlobalSection
EndGlobal
