
Microsoft Visual Studio Solution File, Format Version 12.00
# Visual Studio Version 16
VisualStudioVersion = 16.0.31424.327
MinimumVisualStudioVersion = 10.0.40219.1
Project("{8BC9CEB8-8B4A-11D0-8D11-00A0C91BC942}") = "cdecl", "cdecl.vcxproj", "{67F84002-84BE-469D-8F6D-2625DD9335E3}"
EndProject
Global
	GlobalSection(SolutionConfigurationPlatforms) = preSolution
		Debug|x64 = Debug|x64
		Debug|x86 = Debug|x86
		Release|x64 = Release|x64
		Release|x86 = Release|x86
	EndGlobalSection
	GlobalSection(ProjectConfigurationPlatforms) = postSolution
		{67F84002-84BE-469D-8F6D-2625DD9335E3}.Debug|x64.ActiveCfg = Debug|x64
		{67F84002-84BE-469D-8F6D-2625DD9335E3}.Debug|x64.Build.0 = Debug|x64
		{67F84002-84BE-469D-8F6D-2625DD9335E3}.Debug|x86.ActiveCfg = Debug|Win32
		{67F84002-84BE-469D-8F6D-2625DD9335E3}.Debug|x86.Build.0 = Debug|Win32
		{67F84002-84BE-469D-8F6D-2625DD9335E3}.Release|x64.ActiveCfg = Release|x64
		{67F84002-84BE-469D-8F6D-2625DD9335E3}.Release|x64.Build.0 = Release|x64
		{67F84002-84BE-469D-8F6D-2625DD9335E3}.Release|x86.ActiveCfg = Release|Win32
		{67F84002-84BE-469D-8F6D-2625DD9335E3}.Release|x86.Build.0 = Release|Win32
	EndGlobalSection
	GlobalSection(SolutionProperties) = preSolution
		HideSolutionNode = FALSE
	EndGlobalSection
	GlobalSection(ExtensibilityGlobals) = postSolution
		SolutionGuid = {6B634E14-8B7C-4BE0-939E-58FD1B7CAE47}
	EndGlobalSection
EndGlobal
