
Microsoft Visual Studio Solution File, Format Version 12.00
# Visual Studio Version 16
VisualStudioVersion = 16.0.32126.315
MinimumVisualStudioVersion = 10.0.40219.1
Project("{8BC9CEB8-8B4A-11D0-8D11-00A0C91BC942}") = "local_vars_identified", "local_vars_identified.vcxproj", "{651A12D1-1D88-4FBD-883E-20C82A4274C7}"
EndProject
Global
	GlobalSection(SolutionConfigurationPlatforms) = preSolution
		Debug|x64 = Debug|x64
		Debug|x86 = Debug|x86
		Release|x64 = Release|x64
		Release|x86 = Release|x86
	EndGlobalSection
	GlobalSection(ProjectConfigurationPlatforms) = postSolution
		{651A12D1-1D88-4FBD-883E-20C82A4274C7}.Debug|x64.ActiveCfg = Debug|x64
		{651A12D1-1D88-4FBD-883E-20C82A4274C7}.Debug|x64.Build.0 = Debug|x64
		{651A12D1-1D88-4FBD-883E-20C82A4274C7}.Debug|x86.ActiveCfg = Debug|Win32
		{651A12D1-1D88-4FBD-883E-20C82A4274C7}.Debug|x86.Build.0 = Debug|Win32
		{651A12D1-1D88-4FBD-883E-20C82A4274C7}.Release|x64.ActiveCfg = Release|x64
		{651A12D1-1D88-4FBD-883E-20C82A4274C7}.Release|x64.Build.0 = Release|x64
		{651A12D1-1D88-4FBD-883E-20C82A4274C7}.Release|x86.ActiveCfg = Release|Win32
		{651A12D1-1D88-4FBD-883E-20C82A4274C7}.Release|x86.Build.0 = Release|Win32
	EndGlobalSection
	GlobalSection(SolutionProperties) = preSolution
		HideSolutionNode = FALSE
	EndGlobalSection
	GlobalSection(ExtensibilityGlobals) = postSolution
		SolutionGuid = {F4951E04-AF9B-4E6D-8978-74BA0F9E569E}
	EndGlobalSection
EndGlobal
