
Microsoft Visual Studio Solution File, Format Version 12.00
# Visual Studio 15
VisualStudioVersion = 15.0.28307.421
MinimumVisualStudioVersion = 10.0.40219.1
Project("{8BC9CEB8-8B4A-11D0-8D11-00A0C91BC942}") = "PureCall", "PureCall\PureCall.vcxproj", "{80BDCC6A-CE9D-4ED5-8F0F-17219964ABCC}"
EndProject
Global
	GlobalSection(SolutionConfigurationPlatforms) = preSolution
		Debug|x64 = Debug|x64
		Debug|x86 = Debug|x86
		Release|x64 = Release|x64
		Release|x86 = Release|x86
	EndGlobalSection
	GlobalSection(ProjectConfigurationPlatforms) = postSolution
		{80BDCC6A-CE9D-4ED5-8F0F-17219964ABCC}.Debug|x64.ActiveCfg = Debug|x64
		{80BDCC6A-CE9D-4ED5-8F0F-17219964ABCC}.Debug|x64.Build.0 = Debug|x64
		{80BDCC6A-CE9D-4ED5-8F0F-17219964ABCC}.Debug|x86.ActiveCfg = Debug|Win32
		{80BDCC6A-CE9D-4ED5-8F0F-17219964ABCC}.Debug|x86.Build.0 = Debug|Win32
		{80BDCC6A-CE9D-4ED5-8F0F-17219964ABCC}.Release|x64.ActiveCfg = Release|x64
		{80BDCC6A-CE9D-4ED5-8F0F-17219964ABCC}.Release|x64.Build.0 = Release|x64
		{80BDCC6A-CE9D-4ED5-8F0F-17219964ABCC}.Release|x86.ActiveCfg = Release|Win32
		{80BDCC6A-CE9D-4ED5-8F0F-17219964ABCC}.Release|x86.Build.0 = Release|Win32
	EndGlobalSection
	GlobalSection(SolutionProperties) = preSolution
		HideSolutionNode = FALSE
	EndGlobalSection
	GlobalSection(ExtensibilityGlobals) = postSolution
		SolutionGuid = {EA580F73-73FF-49A5-8DD7-746D188EAE15}
	EndGlobalSection
EndGlobal
