
Microsoft Visual Studio Solution File, Format Version 12.00
# Visual Studio Version 16
VisualStudioVersion = 16.0.32126.315
MinimumVisualStudioVersion = 10.0.40219.1
Project("{8BC9CEB8-8B4A-11D0-8D11-00A0C91BC942}") = "return_float_values_vc", "return_float_values_vc.vcxproj", "{47572327-791D-40FC-883C-A004A82D3446}"
EndProject
Global
	GlobalSection(SolutionConfigurationPlatforms) = preSolution
		Debug|x64 = Debug|x64
		Debug|x86 = Debug|x86
		Release|x64 = Release|x64
		Release|x86 = Release|x86
	EndGlobalSection
	GlobalSection(ProjectConfigurationPlatforms) = postSolution
		{47572327-791D-40FC-883C-A004A82D3446}.Debug|x64.ActiveCfg = Debug|x64
		{47572327-791D-40FC-883C-A004A82D3446}.Debug|x64.Build.0 = Debug|x64
		{47572327-791D-40FC-883C-A004A82D3446}.Debug|x86.ActiveCfg = Debug|Win32
		{47572327-791D-40FC-883C-A004A82D3446}.Debug|x86.Build.0 = Debug|Win32
		{47572327-791D-40FC-883C-A004A82D3446}.Release|x64.ActiveCfg = Release|x64
		{47572327-791D-40FC-883C-A004A82D3446}.Release|x64.Build.0 = Release|x64
		{47572327-791D-40FC-883C-A004A82D3446}.Release|x86.ActiveCfg = Release|Win32
		{47572327-791D-40FC-883C-A004A82D3446}.Release|x86.Build.0 = Release|Win32
	EndGlobalSection
	GlobalSection(SolutionProperties) = preSolution
		HideSolutionNode = FALSE
	EndGlobalSection
	GlobalSection(ExtensibilityGlobals) = postSolution
		SolutionGuid = {86FE0988-C9DD-48B3-AFE9-66B60ABE4110}
	EndGlobalSection
EndGlobal
