
Microsoft Visual Studio Solution File, Format Version 12.00
# Visual Studio Version 17
VisualStudioVersion = 17.1.32414.318
MinimumVisualStudioVersion = 10.0.40219.1
Project("{8BC9CEB8-8B4A-11D0-8D11-00A0C91BC942}") = "for_cycle", "for_cycle.vcxproj", "{D8AA5247-A644-4374-8258-A8545D7E6C99}"
EndProject
Global
	GlobalSection(SolutionConfigurationPlatforms) = preSolution
		Debug|x64 = Debug|x64
		Debug|x86 = Debug|x86
		Release|x64 = Release|x64
		Release|x86 = Release|x86
	EndGlobalSection
	GlobalSection(ProjectConfigurationPlatforms) = postSolution
		{D8AA5247-A644-4374-8258-A8545D7E6C99}.Debug|x64.ActiveCfg = Debug|x64
		{D8AA5247-A644-4374-8258-A8545D7E6C99}.Debug|x64.Build.0 = Debug|x64
		{D8AA5247-A644-4374-8258-A8545D7E6C99}.Debug|x86.ActiveCfg = Debug|Win32
		{D8AA5247-A644-4374-8258-A8545D7E6C99}.Debug|x86.Build.0 = Debug|Win32
		{D8AA5247-A644-4374-8258-A8545D7E6C99}.Release|x64.ActiveCfg = Release|x64
		{D8AA5247-A644-4374-8258-A8545D7E6C99}.Release|x64.Build.0 = Release|x64
		{D8AA5247-A644-4374-8258-A8545D7E6C99}.Release|x86.ActiveCfg = Release|Win32
		{D8AA5247-A644-4374-8258-A8545D7E6C99}.Release|x86.Build.0 = Release|Win32
	EndGlobalSection
	GlobalSection(SolutionProperties) = preSolution
		HideSolutionNode = FALSE
	EndGlobalSection
	GlobalSection(ExtensibilityGlobals) = postSolution
		SolutionGuid = {919C1191-5708-4C70-82E8-8136BEF4D888}
	EndGlobalSection
EndGlobal
