
Microsoft Visual Studio Solution File, Format Version 12.00
# Visual Studio Version 16
VisualStudioVersion = 16.0.32630.194
MinimumVisualStudioVersion = 10.0.40219.1
Project("{8BC9CEB8-8B4A-11D0-8D11-00A0C91BC942}") = "winapi_vc", "winapi_vc.vcxproj", "{A8600F40-63E6-48E8-BD85-FC41AC3DEF0F}"
EndProject
Global
	GlobalSection(SolutionConfigurationPlatforms) = preSolution
		Debug|x64 = Debug|x64
		Debug|x86 = Debug|x86
		Release|x64 = Release|x64
		Release|x86 = Release|x86
	EndGlobalSection
	GlobalSection(ProjectConfigurationPlatforms) = postSolution
		{A8600F40-63E6-48E8-BD85-FC41AC3DEF0F}.Debug|x64.ActiveCfg = Debug|x64
		{A8600F40-63E6-48E8-BD85-FC41AC3DEF0F}.Debug|x64.Build.0 = Debug|x64
		{A8600F40-63E6-48E8-BD85-FC41AC3DEF0F}.Debug|x86.ActiveCfg = Debug|Win32
		{A8600F40-63E6-48E8-BD85-FC41AC3DEF0F}.Debug|x86.Build.0 = Debug|Win32
		{A8600F40-63E6-48E8-BD85-FC41AC3DEF0F}.Release|x64.ActiveCfg = Release|x64
		{A8600F40-63E6-48E8-BD85-FC41AC3DEF0F}.Release|x64.Build.0 = Release|x64
		{A8600F40-63E6-48E8-BD85-FC41AC3DEF0F}.Release|x86.ActiveCfg = Release|Win32
		{A8600F40-63E6-48E8-BD85-FC41AC3DEF0F}.Release|x86.Build.0 = Release|Win32
	EndGlobalSection
	GlobalSection(SolutionProperties) = preSolution
		HideSolutionNode = FALSE
	EndGlobalSection
	GlobalSection(ExtensibilityGlobals) = postSolution
		SolutionGuid = {6EB133EC-5695-4D81-9457-19285E91389F}
	EndGlobalSection
EndGlobal
