
Microsoft Visual Studio Solution File, Format Version 12.00
# Visual Studio Version 17
VisualStudioVersion = 17.2.32630.192
MinimumVisualStudioVersion = 10.0.40219.1
Project("{8BC9CEB8-8B4A-11D0-8D11-00A0C91BC942}") = "operatorplusplus", "operatorplusplus.vcxproj", "{F464C83F-8E24-4E9F-A01D-7434A24FB85D}"
EndProject
Global
	GlobalSection(SolutionConfigurationPlatforms) = preSolution
		Debug|x64 = Debug|x64
		Debug|x86 = Debug|x86
		Release|x64 = Release|x64
		Release|x86 = Release|x86
	EndGlobalSection
	GlobalSection(ProjectConfigurationPlatforms) = postSolution
		{F464C83F-8E24-4E9F-A01D-7434A24FB85D}.Debug|x64.ActiveCfg = Debug|x64
		{F464C83F-8E24-4E9F-A01D-7434A24FB85D}.Debug|x64.Build.0 = Debug|x64
		{F464C83F-8E24-4E9F-A01D-7434A24FB85D}.Debug|x86.ActiveCfg = Debug|Win32
		{F464C83F-8E24-4E9F-A01D-7434A24FB85D}.Debug|x86.Build.0 = Debug|Win32
		{F464C83F-8E24-4E9F-A01D-7434A24FB85D}.Release|x64.ActiveCfg = Release|x64
		{F464C83F-8E24-4E9F-A01D-7434A24FB85D}.Release|x64.Build.0 = Release|x64
		{F464C83F-8E24-4E9F-A01D-7434A24FB85D}.Release|x86.ActiveCfg = Release|Win32
		{F464C83F-8E24-4E9F-A01D-7434A24FB85D}.Release|x86.Build.0 = Release|Win32
	EndGlobalSection
	GlobalSection(SolutionProperties) = preSolution
		HideSolutionNode = FALSE
	EndGlobalSection
	GlobalSection(ExtensibilityGlobals) = postSolution
		SolutionGuid = {1CE1774C-449A-4A32-B58C-AB8E7B1515D9}
	EndGlobalSection
EndGlobal
