
Microsoft Visual Studio Solution File, Format Version 12.00
# Visual Studio Version 17
VisualStudioVersion = 17.1.32414.318
MinimumVisualStudioVersion = 10.0.40219.1
Project("{8BC9CEB8-8B4A-11D0-8D11-00A0C91BC942}") = "while-do", "while-do.vcxproj", "{ECE58F3F-4894-42A2-9921-14BC4EB0896D}"
EndProject
Global
	GlobalSection(SolutionConfigurationPlatforms) = preSolution
		Debug|x64 = Debug|x64
		Debug|x86 = Debug|x86
		Release|x64 = Release|x64
		Release|x86 = Release|x86
	EndGlobalSection
	GlobalSection(ProjectConfigurationPlatforms) = postSolution
		{ECE58F3F-4894-42A2-9921-14BC4EB0896D}.Debug|x64.ActiveCfg = Debug|x64
		{ECE58F3F-4894-42A2-9921-14BC4EB0896D}.Debug|x64.Build.0 = Debug|x64
		{ECE58F3F-4894-42A2-9921-14BC4EB0896D}.Debug|x86.ActiveCfg = Debug|Win32
		{ECE58F3F-4894-42A2-9921-14BC4EB0896D}.Debug|x86.Build.0 = Debug|Win32
		{ECE58F3F-4894-42A2-9921-14BC4EB0896D}.Release|x64.ActiveCfg = Release|x64
		{ECE58F3F-4894-42A2-9921-14BC4EB0896D}.Release|x64.Build.0 = Release|x64
		{ECE58F3F-4894-42A2-9921-14BC4EB0896D}.Release|x86.ActiveCfg = Release|Win32
		{ECE58F3F-4894-42A2-9921-14BC4EB0896D}.Release|x86.Build.0 = Release|Win32
	EndGlobalSection
	GlobalSection(SolutionProperties) = preSolution
		HideSolutionNode = FALSE
	EndGlobalSection
	GlobalSection(ExtensibilityGlobals) = postSolution
		SolutionGuid = {2BF54EED-7D7D-46B7-A514-2A7DC7B125A9}
	EndGlobalSection
EndGlobal
